// !$*UTF8*$!
{
	archiveVersion = 1;
	classes = {
	};
	objectVersion = 46;
	objects = {

/* Begin PBXBuildFile section */
		8700A5E41C4C2292001075F6 /* MovieServices.swift in Sources */ = {isa = PBXBuildFile; fileRef = 8700A5E31C4C2292001075F6 /* MovieServices.swift */; };
		8700A5E61C4C5D3A001075F6 /* SecurityServices.swift in Sources */ = {isa = PBXBuildFile; fileRef = 8700A5E51C4C5D3A001075F6 /* SecurityServices.swift */; };
		8700A5E81C4C5D9E001075F6 /* PremierServices.swift in Sources */ = {isa = PBXBuildFile; fileRef = 8700A5E71C4C5D9E001075F6 /* PremierServices.swift */; };
		8700A5EA1C4C5DE9001075F6 /* UsersessionServices.swift in Sources */ = {isa = PBXBuildFile; fileRef = 8700A5E91C4C5DE9001075F6 /* UsersessionServices.swift */; };
		8700A5EC1C4C5E8E001075F6 /* ContactServices.swift in Sources */ = {isa = PBXBuildFile; fileRef = 8700A5EB1C4C5E8E001075F6 /* ContactServices.swift */; };
		870824021C74BB3500C13065 /* CustomNavBarController.swift in Sources */ = {isa = PBXBuildFile; fileRef = 870824011C74BB3500C13065 /* CustomNavBarController.swift */; };
		870824041C74BC0100C13065 /* CustomCAGradientLayer.swift in Sources */ = {isa = PBXBuildFile; fileRef = 870824031C74BC0100C13065 /* CustomCAGradientLayer.swift */; };
		870824061C74CAC500C13065 /* CustomUITabBar.swift in Sources */ = {isa = PBXBuildFile; fileRef = 870824051C74CAC500C13065 /* CustomUITabBar.swift */; };
		871B5E0A1C5FAE2A0081959F /* FavoriteCollectionVC.swift in Sources */ = {isa = PBXBuildFile; fileRef = 871B5E091C5FAE2A0081959F /* FavoriteCollectionVC.swift */; };
		871E7F891C6CF57800304465 /* FavoriteCollectionCellVC.swift in Sources */ = {isa = PBXBuildFile; fileRef = 871E7F881C6CF57800304465 /* FavoriteCollectionCellVC.swift */; };
		872C7A9F1C5469970047886B /* CollectionMoviesVC.swift in Sources */ = {isa = PBXBuildFile; fileRef = 872C7A9E1C5469970047886B /* CollectionMoviesVC.swift */; };
		872C7AA11C546AA00047886B /* CollectionCellVC.swift in Sources */ = {isa = PBXBuildFile; fileRef = 872C7AA01C546AA00047886B /* CollectionCellVC.swift */; };
		872D18F21C5D85D7005A4226 /* DeviceExt.swift in Sources */ = {isa = PBXBuildFile; fileRef = 872D18F11C5D85D7005A4226 /* DeviceExt.swift */; };
		87568F221C6C1A29004688BC /* SideBarTVC.swift in Sources */ = {isa = PBXBuildFile; fileRef = 87568F211C6C1A29004688BC /* SideBarTVC.swift */; };
		8766F06A1C47E61F000D2C99 /* MeaningAndFormValidation.swift in Sources */ = {isa = PBXBuildFile; fileRef = 8766F0691C47E61F000D2C99 /* MeaningAndFormValidation.swift */; };
		876B424E1C61ACF500B11E92 /* SliderVC.swift in Sources */ = {isa = PBXBuildFile; fileRef = 876B424D1C61ACF500B11E92 /* SliderVC.swift */; };
		876B42501C61B42900B11E92 /* SliderCollectionViewLayoutSubclass.swift in Sources */ = {isa = PBXBuildFile; fileRef = 876B424F1C61B42900B11E92 /* SliderCollectionViewLayoutSubclass.swift */; };
		876B42521C61B91000B11E92 /* SliderCollectionViewCellVC.swift in Sources */ = {isa = PBXBuildFile; fileRef = 876B42511C61B91000B11E92 /* SliderCollectionViewCellVC.swift */; };
		8771A0631C6C4BCC00CB2D1A /* SideBar.swift in Sources */ = {isa = PBXBuildFile; fileRef = 8771A0621C6C4BCC00CB2D1A /* SideBar.swift */; };
		877C7D551C495C0200E21C30 /* TheaterServices.swift in Sources */ = {isa = PBXBuildFile; fileRef = 877C7D541C495C0200E21C30 /* TheaterServices.swift */; };
		878126F81C5933E000802C1A /* MoviesCollectionViewFlowLayoutSubClass.swift in Sources */ = {isa = PBXBuildFile; fileRef = 878126F71C5933E000802C1A /* MoviesCollectionViewFlowLayoutSubClass.swift */; };
		87D04CC51C6B8C8A000D16E9 /* MovieSessionsDetailsVC.swift in Sources */ = {isa = PBXBuildFile; fileRef = 87D04CC41C6B8C8A000D16E9 /* MovieSessionsDetailsVC.swift */; };
		87DAF6EA1C5C0E9C00935BD1 /* InnerViewControllerContainer_Center.swift in Sources */ = {isa = PBXBuildFile; fileRef = 87DAF6E91C5C0E9C00935BD1 /* InnerViewControllerContainer_Center.swift */; };
		87E80EC61C7FBBD300E18271 /* Localizable.strings in Resources */ = {isa = PBXBuildFile; fileRef = 87E80EC81C7FBBD300E18271 /* Localizable.strings */; };
		B39AB0C41C402B5D00353261 /* AppDelegate.swift in Sources */ = {isa = PBXBuildFile; fileRef = B39AB0C31C402B5D00353261 /* AppDelegate.swift */; };
		B39AB0C61C402B5D00353261 /* PresentationVC.swift in Sources */ = {isa = PBXBuildFile; fileRef = B39AB0C51C402B5D00353261 /* PresentationVC.swift */; };
		B39AB0C91C402B5D00353261 /* Main.storyboard in Resources */ = {isa = PBXBuildFile; fileRef = B39AB0C71C402B5D00353261 /* Main.storyboard */; };
		B39AB0CB1C402B5D00353261 /* Assets.xcassets in Resources */ = {isa = PBXBuildFile; fileRef = B39AB0CA1C402B5D00353261 /* Assets.xcassets */; };
		B39AB0CE1C402B5D00353261 /* LaunchScreen.storyboard in Resources */ = {isa = PBXBuildFile; fileRef = B39AB0CC1C402B5D00353261 /* LaunchScreen.storyboard */; };
		B39AB0D91C402B5D00353261 /* CU_VE_AppTests.swift in Sources */ = {isa = PBXBuildFile; fileRef = B39AB0D81C402B5D00353261 /* CU_VE_AppTests.swift */; };
		B39AB0E41C402B5D00353261 /* CU_VE_AppUITests.swift in Sources */ = {isa = PBXBuildFile; fileRef = B39AB0E31C402B5D00353261 /* CU_VE_AppUITests.swift */; };
		B3C2D71D1C44A8B200760E1D /* TutorialPagingContent.swift in Sources */ = {isa = PBXBuildFile; fileRef = B3C2D71C1C44A8B200760E1D /* TutorialPagingContent.swift */; };
		B3C2D71F1C44AB4900760E1D /* TutorialVC.swift in Sources */ = {isa = PBXBuildFile; fileRef = B3C2D71E1C44AB4900760E1D /* TutorialVC.swift */; };
		B3C4B1511C4692680086DD91 /* WebServiceConnection.swift in Sources */ = {isa = PBXBuildFile; fileRef = B3C4B1501C4692680086DD91 /* WebServiceConnection.swift */; };
		B3C4B1541C46E1E60086DD91 /* Reachability.swift in Sources */ = {isa = PBXBuildFile; fileRef = B3C4B1531C46E1E60086DD91 /* Reachability.swift */; };
		B3E2971C1C434EEF007CCAC9 /* HomeVC.swift in Sources */ = {isa = PBXBuildFile; fileRef = B3E2971B1C434EEF007CCAC9 /* HomeVC.swift */; };
/* End PBXBuildFile section */

/* Begin PBXContainerItemProxy section */
		B39AB0D51C402B5D00353261 /* PBXContainerItemProxy */ = {
			isa = PBXContainerItemProxy;
			containerPortal = B39AB0B81C402B5D00353261 /* Project object */;
			proxyType = 1;
			remoteGlobalIDString = B39AB0BF1C402B5D00353261;
			remoteInfo = CU_VE_App;
		};
		B39AB0E01C402B5D00353261 /* PBXContainerItemProxy */ = {
			isa = PBXContainerItemProxy;
			containerPortal = B39AB0B81C402B5D00353261 /* Project object */;
			proxyType = 1;
			remoteGlobalIDString = B39AB0BF1C402B5D00353261;
			remoteInfo = CU_VE_App;
		};
/* End PBXContainerItemProxy section */

/* Begin PBXFileReference section */
		8700A5E31C4C2292001075F6 /* MovieServices.swift */ = {isa = PBXFileReference; fileEncoding = 4; lastKnownFileType = sourcecode.swift; path = MovieServices.swift; sourceTree = "<group>"; };
		8700A5E51C4C5D3A001075F6 /* SecurityServices.swift */ = {isa = PBXFileReference; fileEncoding = 4; lastKnownFileType = sourcecode.swift; path = SecurityServices.swift; sourceTree = "<group>"; };
		8700A5E71C4C5D9E001075F6 /* PremierServices.swift */ = {isa = PBXFileReference; fileEncoding = 4; lastKnownFileType = sourcecode.swift; path = PremierServices.swift; sourceTree = "<group>"; };
		8700A5E91C4C5DE9001075F6 /* UsersessionServices.swift */ = {isa = PBXFileReference; fileEncoding = 4; lastKnownFileType = sourcecode.swift; path = UsersessionServices.swift; sourceTree = "<group>"; };
		8700A5EB1C4C5E8E001075F6 /* ContactServices.swift */ = {isa = PBXFileReference; fileEncoding = 4; lastKnownFileType = sourcecode.swift; path = ContactServices.swift; sourceTree = "<group>"; };
		870824011C74BB3500C13065 /* CustomNavBarController.swift */ = {isa = PBXFileReference; fileEncoding = 4; lastKnownFileType = sourcecode.swift; path = CustomNavBarController.swift; sourceTree = "<group>"; };
		870824031C74BC0100C13065 /* CustomCAGradientLayer.swift */ = {isa = PBXFileReference; fileEncoding = 4; lastKnownFileType = sourcecode.swift; path = CustomCAGradientLayer.swift; sourceTree = "<group>"; };
		870824051C74CAC500C13065 /* CustomUITabBar.swift */ = {isa = PBXFileReference; fileEncoding = 4; lastKnownFileType = sourcecode.swift; path = CustomUITabBar.swift; sourceTree = "<group>"; };
		871B5E091C5FAE2A0081959F /* FavoriteCollectionVC.swift */ = {isa = PBXFileReference; fileEncoding = 4; lastKnownFileType = sourcecode.swift; path = FavoriteCollectionVC.swift; sourceTree = "<group>"; };
		871E7F881C6CF57800304465 /* FavoriteCollectionCellVC.swift */ = {isa = PBXFileReference; fileEncoding = 4; lastKnownFileType = sourcecode.swift; path = FavoriteCollectionCellVC.swift; sourceTree = "<group>"; };
		872C7A9E1C5469970047886B /* CollectionMoviesVC.swift */ = {isa = PBXFileReference; fileEncoding = 4; lastKnownFileType = sourcecode.swift; path = CollectionMoviesVC.swift; sourceTree = "<group>"; };
		872C7AA01C546AA00047886B /* CollectionCellVC.swift */ = {isa = PBXFileReference; fileEncoding = 4; lastKnownFileType = sourcecode.swift; path = CollectionCellVC.swift; sourceTree = "<group>"; };
		872D18F11C5D85D7005A4226 /* DeviceExt.swift */ = {isa = PBXFileReference; fileEncoding = 4; lastKnownFileType = sourcecode.swift; path = DeviceExt.swift; sourceTree = "<group>"; };
		87568F211C6C1A29004688BC /* SideBarTVC.swift */ = {isa = PBXFileReference; fileEncoding = 4; lastKnownFileType = sourcecode.swift; path = SideBarTVC.swift; sourceTree = "<group>"; };
		8766F0691C47E61F000D2C99 /* MeaningAndFormValidation.swift */ = {isa = PBXFileReference; fileEncoding = 4; lastKnownFileType = sourcecode.swift; path = MeaningAndFormValidation.swift; sourceTree = "<group>"; };
		876B424D1C61ACF500B11E92 /* SliderVC.swift */ = {isa = PBXFileReference; fileEncoding = 4; lastKnownFileType = sourcecode.swift; path = SliderVC.swift; sourceTree = "<group>"; };
		876B424F1C61B42900B11E92 /* SliderCollectionViewLayoutSubclass.swift */ = {isa = PBXFileReference; fileEncoding = 4; lastKnownFileType = sourcecode.swift; path = SliderCollectionViewLayoutSubclass.swift; sourceTree = "<group>"; };
		876B42511C61B91000B11E92 /* SliderCollectionViewCellVC.swift */ = {isa = PBXFileReference; fileEncoding = 4; lastKnownFileType = sourcecode.swift; path = SliderCollectionViewCellVC.swift; sourceTree = "<group>"; };
		8771A0621C6C4BCC00CB2D1A /* SideBar.swift */ = {isa = PBXFileReference; fileEncoding = 4; lastKnownFileType = sourcecode.swift; path = SideBar.swift; sourceTree = "<group>"; };
		877C7D541C495C0200E21C30 /* TheaterServices.swift */ = {isa = PBXFileReference; fileEncoding = 4; lastKnownFileType = sourcecode.swift; path = TheaterServices.swift; sourceTree = "<group>"; };
		878126F71C5933E000802C1A /* MoviesCollectionViewFlowLayoutSubClass.swift */ = {isa = PBXFileReference; fileEncoding = 4; lastKnownFileType = sourcecode.swift; path = MoviesCollectionViewFlowLayoutSubClass.swift; sourceTree = "<group>"; };
		87D04CC41C6B8C8A000D16E9 /* MovieSessionsDetailsVC.swift */ = {isa = PBXFileReference; fileEncoding = 4; lastKnownFileType = sourcecode.swift; path = MovieSessionsDetailsVC.swift; sourceTree = "<group>"; };
		87DAF6E91C5C0E9C00935BD1 /* InnerViewControllerContainer_Center.swift */ = {isa = PBXFileReference; fileEncoding = 4; lastKnownFileType = sourcecode.swift; path = InnerViewControllerContainer_Center.swift; sourceTree = "<group>"; };
		87E80EBF1C7FB96000E18271 /* es */ = {isa = PBXFileReference; lastKnownFileType = text.plist.strings; name = es; path = es.lproj/Main.strings; sourceTree = "<group>"; };
		87E80EC01C7FB96000E18271 /* es */ = {isa = PBXFileReference; lastKnownFileType = text.plist.strings; name = es; path = es.lproj/LaunchScreen.strings; sourceTree = "<group>"; };
		87E80EC71C7FBBD300E18271 /* en */ = {isa = PBXFileReference; lastKnownFileType = text.plist.strings; name = en; path = en.lproj/Localizable.strings; sourceTree = "<group>"; };
		87E80EC91C7FBBD900E18271 /* es */ = {isa = PBXFileReference; lastKnownFileType = text.plist.strings; name = es; path = es.lproj/Localizable.strings; sourceTree = "<group>"; };
		B39AB0C01C402B5D00353261 /* CU_VE_App.app */ = {isa = PBXFileReference; explicitFileType = wrapper.application; includeInIndex = 0; path = CU_VE_App.app; sourceTree = BUILT_PRODUCTS_DIR; };
		B39AB0C31C402B5D00353261 /* AppDelegate.swift */ = {isa = PBXFileReference; lastKnownFileType = sourcecode.swift; path = AppDelegate.swift; sourceTree = "<group>"; };
		B39AB0C51C402B5D00353261 /* PresentationVC.swift */ = {isa = PBXFileReference; lastKnownFileType = sourcecode.swift; path = PresentationVC.swift; sourceTree = "<group>"; };
		B39AB0C81C402B5D00353261 /* Base */ = {isa = PBXFileReference; lastKnownFileType = file.storyboard; name = Base; path = Base.lproj/Main.storyboard; sourceTree = "<group>"; };
		B39AB0CA1C402B5D00353261 /* Assets.xcassets */ = {isa = PBXFileReference; lastKnownFileType = folder.assetcatalog; path = Assets.xcassets; sourceTree = "<group>"; };
		B39AB0CD1C402B5D00353261 /* Base */ = {isa = PBXFileReference; lastKnownFileType = file.storyboard; name = Base; path = Base.lproj/LaunchScreen.storyboard; sourceTree = "<group>"; };
		B39AB0CF1C402B5D00353261 /* Info.plist */ = {isa = PBXFileReference; lastKnownFileType = text.plist.xml; path = Info.plist; sourceTree = "<group>"; };
		B39AB0D41C402B5D00353261 /* CU_VE_AppTests.xctest */ = {isa = PBXFileReference; explicitFileType = wrapper.cfbundle; includeInIndex = 0; path = CU_VE_AppTests.xctest; sourceTree = BUILT_PRODUCTS_DIR; };
		B39AB0D81C402B5D00353261 /* CU_VE_AppTests.swift */ = {isa = PBXFileReference; lastKnownFileType = sourcecode.swift; path = CU_VE_AppTests.swift; sourceTree = "<group>"; };
		B39AB0DA1C402B5D00353261 /* Info.plist */ = {isa = PBXFileReference; lastKnownFileType = text.plist.xml; path = Info.plist; sourceTree = "<group>"; };
		B39AB0DF1C402B5D00353261 /* CU_VE_AppUITests.xctest */ = {isa = PBXFileReference; explicitFileType = wrapper.cfbundle; includeInIndex = 0; path = CU_VE_AppUITests.xctest; sourceTree = BUILT_PRODUCTS_DIR; };
		B39AB0E31C402B5D00353261 /* CU_VE_AppUITests.swift */ = {isa = PBXFileReference; lastKnownFileType = sourcecode.swift; path = CU_VE_AppUITests.swift; sourceTree = "<group>"; };
		B39AB0E51C402B5D00353261 /* Info.plist */ = {isa = PBXFileReference; lastKnownFileType = text.plist.xml; path = Info.plist; sourceTree = "<group>"; };
		B3C2D71C1C44A8B200760E1D /* TutorialPagingContent.swift */ = {isa = PBXFileReference; fileEncoding = 4; lastKnownFileType = sourcecode.swift; path = TutorialPagingContent.swift; sourceTree = "<group>"; };
		B3C2D71E1C44AB4900760E1D /* TutorialVC.swift */ = {isa = PBXFileReference; fileEncoding = 4; lastKnownFileType = sourcecode.swift; path = TutorialVC.swift; sourceTree = "<group>"; };
		B3C4B1501C4692680086DD91 /* WebServiceConnection.swift */ = {isa = PBXFileReference; fileEncoding = 4; lastKnownFileType = sourcecode.swift; path = WebServiceConnection.swift; sourceTree = "<group>"; };
		B3C4B1531C46E1E60086DD91 /* Reachability.swift */ = {isa = PBXFileReference; fileEncoding = 4; lastKnownFileType = sourcecode.swift; path = Reachability.swift; sourceTree = "<group>"; };
		B3E2971B1C434EEF007CCAC9 /* HomeVC.swift */ = {isa = PBXFileReference; fileEncoding = 4; lastKnownFileType = sourcecode.swift; path = HomeVC.swift; sourceTree = "<group>"; };
/* End PBXFileReference section */

/* Begin PBXFrameworksBuildPhase section */
		B39AB0BD1C402B5D00353261 /* Frameworks */ = {
			isa = PBXFrameworksBuildPhase;
			buildActionMask = 2147483647;
			files = (
			);
			runOnlyForDeploymentPostprocessing = 0;
		};
		B39AB0D11C402B5D00353261 /* Frameworks */ = {
			isa = PBXFrameworksBuildPhase;
			buildActionMask = 2147483647;
			files = (
			);
			runOnlyForDeploymentPostprocessing = 0;
		};
		B39AB0DC1C402B5D00353261 /* Frameworks */ = {
			isa = PBXFrameworksBuildPhase;
			buildActionMask = 2147483647;
			files = (
			);
			runOnlyForDeploymentPostprocessing = 0;
		};
/* End PBXFrameworksBuildPhase section */

/* Begin PBXGroup section */
		870824001C74B93900C13065 /* Custom SubClasses */ = {
			isa = PBXGroup;
			children = (
				870824011C74BB3500C13065 /* CustomNavBarController.swift */,
				870824031C74BC0100C13065 /* CustomCAGradientLayer.swift */,
				870824051C74CAC500C13065 /* CustomUITabBar.swift */,
			);
			name = "Custom SubClasses";
			sourceTree = "<group>";
		};
		87568F201C6C1730004688BC /* SideMenu */ = {
			isa = PBXGroup;
			children = (
				87568F211C6C1A29004688BC /* SideBarTVC.swift */,
				8771A0621C6C4BCC00CB2D1A /* SideBar.swift */,
			);
			name = SideMenu;
			sourceTree = "<group>";
		};
		876B424C1C61A90300B11E92 /* Tutorial */ = {
			isa = PBXGroup;
			children = (
				B3C2D71C1C44A8B200760E1D /* TutorialPagingContent.swift */,
				B3C2D71E1C44AB4900760E1D /* TutorialVC.swift */,
			);
			name = Tutorial;
			sourceTree = "<group>";
		};
		8782AF6E1C60FD2600371E97 /* Premier VCs */ = {
			isa = PBXGroup;
			children = (
			);
			name = "Premier VCs";
			sourceTree = "<group>";
		};
		8782AF6F1C60FD3800371E97 /* Theater VCs */ = {
			isa = PBXGroup;
			children = (
			);
			name = "Theater VCs";
			sourceTree = "<group>";
		};
		8782AF701C60FD6800371E97 /* Movie VCs */ = {
			isa = PBXGroup;
			children = (
			);
			name = "Movie VCs";
			sourceTree = "<group>";
		};
		8782AF711C60FD7400371E97 /* Settings VCs */ = {
			isa = PBXGroup;
			children = (
			);
			name = "Settings VCs";
			sourceTree = "<group>";
		};
		87D04CC31C6B8C6F000D16E9 /* Movie Sessions Details VC */ = {
			isa = PBXGroup;
			children = (
				87D04CC41C6B8C8A000D16E9 /* MovieSessionsDetailsVC.swift */,
			);
			name = "Movie Sessions Details VC";
			sourceTree = "<group>";
		};
		87E80EC11C7FB99300E18271 /* Resources */ = {
			isa = PBXGroup;
			children = (
				87E80EC81C7FBBD300E18271 /* Localizable.strings */,
			);
			name = Resources;
			sourceTree = "<group>";
		};
		B39AB0B71C402B5D00353261 = {
			isa = PBXGroup;
			children = (
				B39AB0C21C402B5D00353261 /* CU_VE_App */,
				B39AB0D71C402B5D00353261 /* CU_VE_AppTests */,
				B39AB0E21C402B5D00353261 /* CU_VE_AppUITests */,
				B39AB0C11C402B5D00353261 /* Products */,
			);
			sourceTree = "<group>";
		};
		B39AB0C11C402B5D00353261 /* Products */ = {
			isa = PBXGroup;
			children = (
				B39AB0C01C402B5D00353261 /* CU_VE_App.app */,
				B39AB0D41C402B5D00353261 /* CU_VE_AppTests.xctest */,
				B39AB0DF1C402B5D00353261 /* CU_VE_AppUITests.xctest */,
			);
			name = Products;
			sourceTree = "<group>";
		};
		B39AB0C21C402B5D00353261 /* CU_VE_App */ = {
			isa = PBXGroup;
			children = (
				87E80EC11C7FB99300E18271 /* Resources */,
				870824001C74B93900C13065 /* Custom SubClasses */,
				87568F201C6C1730004688BC /* SideMenu */,
				87D04CC31C6B8C6F000D16E9 /* Movie Sessions Details VC */,
				876B424C1C61A90300B11E92 /* Tutorial */,
				8782AF711C60FD7400371E97 /* Settings VCs */,
				8782AF701C60FD6800371E97 /* Movie VCs */,
				8782AF6F1C60FD3800371E97 /* Theater VCs */,
				8782AF6E1C60FD2600371E97 /* Premier VCs */,
				B3C4B1521C46E1BC0086DD91 /* Validation and Network Status */,
				B3C4B14E1C46918D0086DD91 /* Services Connection */,
				B3C2D71A1C44A7BD00760E1D /* Home VCs */,
				B39AB0C31C402B5D00353261 /* AppDelegate.swift */,
				B39AB0C51C402B5D00353261 /* PresentationVC.swift */,
				B39AB0C71C402B5D00353261 /* Main.storyboard */,
				B39AB0CA1C402B5D00353261 /* Assets.xcassets */,
				B39AB0CC1C402B5D00353261 /* LaunchScreen.storyboard */,
				B39AB0CF1C402B5D00353261 /* Info.plist */,
			);
			path = CU_VE_App;
			sourceTree = "<group>";
		};
		B39AB0D71C402B5D00353261 /* CU_VE_AppTests */ = {
			isa = PBXGroup;
			children = (
				B39AB0D81C402B5D00353261 /* CU_VE_AppTests.swift */,
				B39AB0DA1C402B5D00353261 /* Info.plist */,
			);
			path = CU_VE_AppTests;
			sourceTree = "<group>";
		};
		B39AB0E21C402B5D00353261 /* CU_VE_AppUITests */ = {
			isa = PBXGroup;
			children = (
				B39AB0E31C402B5D00353261 /* CU_VE_AppUITests.swift */,
				B39AB0E51C402B5D00353261 /* Info.plist */,
			);
			path = CU_VE_AppUITests;
			sourceTree = "<group>";
		};
		B3C2D71A1C44A7BD00760E1D /* Home VCs */ = {
			isa = PBXGroup;
			children = (
				B3E2971B1C434EEF007CCAC9 /* HomeVC.swift */,
				B3C4B14D1C4691640086DD91 /* Favorites */,
				B3C4B14C1C4691460086DD91 /* Center Collection */,
				B3C2D71B1C44A81100760E1D /* Principal Slider */,
			);
			name = "Home VCs";
			sourceTree = "<group>";
		};
		B3C2D71B1C44A81100760E1D /* Principal Slider */ = {
			isa = PBXGroup;
			children = (
				876B424D1C61ACF500B11E92 /* SliderVC.swift */,
				876B424F1C61B42900B11E92 /* SliderCollectionViewLayoutSubclass.swift */,
				876B42511C61B91000B11E92 /* SliderCollectionViewCellVC.swift */,
			);
			name = "Principal Slider";
			sourceTree = "<group>";
		};
		B3C4B14C1C4691460086DD91 /* Center Collection */ = {
			isa = PBXGroup;
			children = (
				872C7A9E1C5469970047886B /* CollectionMoviesVC.swift */,
				872C7AA01C546AA00047886B /* CollectionCellVC.swift */,
				878126F71C5933E000802C1A /* MoviesCollectionViewFlowLayoutSubClass.swift */,
				87DAF6E91C5C0E9C00935BD1 /* InnerViewControllerContainer_Center.swift */,
			);
			name = "Center Collection";
			sourceTree = "<group>";
		};
		B3C4B14D1C4691640086DD91 /* Favorites */ = {
			isa = PBXGroup;
			children = (
				871B5E091C5FAE2A0081959F /* FavoriteCollectionVC.swift */,
				871E7F881C6CF57800304465 /* FavoriteCollectionCellVC.swift */,
			);
			name = Favorites;
			sourceTree = "<group>";
		};
		B3C4B14E1C46918D0086DD91 /* Services Connection */ = {
			isa = PBXGroup;
			children = (
				B3C4B14F1C4691AC0086DD91 /* Connection classes by type */,
				B3C4B1501C4692680086DD91 /* WebServiceConnection.swift */,
			);
			name = "Services Connection";
			sourceTree = "<group>";
		};
		B3C4B14F1C4691AC0086DD91 /* Connection classes by type */ = {
			isa = PBXGroup;
			children = (
				877C7D541C495C0200E21C30 /* TheaterServices.swift */,
				8700A5E31C4C2292001075F6 /* MovieServices.swift */,
				8700A5E51C4C5D3A001075F6 /* SecurityServices.swift */,
				8700A5E71C4C5D9E001075F6 /* PremierServices.swift */,
				8700A5E91C4C5DE9001075F6 /* UsersessionServices.swift */,
				8700A5EB1C4C5E8E001075F6 /* ContactServices.swift */,
			);
			name = "Connection classes by type";
			sourceTree = "<group>";
		};
		B3C4B1521C46E1BC0086DD91 /* Validation and Network Status */ = {
			isa = PBXGroup;
			children = (
				B3C4B1531C46E1E60086DD91 /* Reachability.swift */,
				8766F0691C47E61F000D2C99 /* MeaningAndFormValidation.swift */,
				872D18F11C5D85D7005A4226 /* DeviceExt.swift */,
			);
			name = "Validation and Network Status";
			sourceTree = "<group>";
		};
/* End PBXGroup section */

/* Begin PBXNativeTarget section */
		B39AB0BF1C402B5D00353261 /* CU_VE_App */ = {
			isa = PBXNativeTarget;
			buildConfigurationList = B39AB0E81C402B5D00353261 /* Build configuration list for PBXNativeTarget "CU_VE_App" */;
			buildPhases = (
				B39AB0BC1C402B5D00353261 /* Sources */,
				B39AB0BD1C402B5D00353261 /* Frameworks */,
				B39AB0BE1C402B5D00353261 /* Resources */,
			);
			buildRules = (
			);
			dependencies = (
			);
			name = CU_VE_App;
			productName = CU_VE_App;
			productReference = B39AB0C01C402B5D00353261 /* CU_VE_App.app */;
			productType = "com.apple.product-type.application";
		};
		B39AB0D31C402B5D00353261 /* CU_VE_AppTests */ = {
			isa = PBXNativeTarget;
			buildConfigurationList = B39AB0EB1C402B5D00353261 /* Build configuration list for PBXNativeTarget "CU_VE_AppTests" */;
			buildPhases = (
				B39AB0D01C402B5D00353261 /* Sources */,
				B39AB0D11C402B5D00353261 /* Frameworks */,
				B39AB0D21C402B5D00353261 /* Resources */,
			);
			buildRules = (
			);
			dependencies = (
				B39AB0D61C402B5D00353261 /* PBXTargetDependency */,
			);
			name = CU_VE_AppTests;
			productName = CU_VE_AppTests;
			productReference = B39AB0D41C402B5D00353261 /* CU_VE_AppTests.xctest */;
			productType = "com.apple.product-type.bundle.unit-test";
		};
		B39AB0DE1C402B5D00353261 /* CU_VE_AppUITests */ = {
			isa = PBXNativeTarget;
			buildConfigurationList = B39AB0EE1C402B5D00353261 /* Build configuration list for PBXNativeTarget "CU_VE_AppUITests" */;
			buildPhases = (
				B39AB0DB1C402B5D00353261 /* Sources */,
				B39AB0DC1C402B5D00353261 /* Frameworks */,
				B39AB0DD1C402B5D00353261 /* Resources */,
			);
			buildRules = (
			);
			dependencies = (
				B39AB0E11C402B5D00353261 /* PBXTargetDependency */,
			);
			name = CU_VE_AppUITests;
			productName = CU_VE_AppUITests;
			productReference = B39AB0DF1C402B5D00353261 /* CU_VE_AppUITests.xctest */;
			productType = "com.apple.product-type.bundle.ui-testing";
		};
/* End PBXNativeTarget section */

/* Begin PBXProject section */
		B39AB0B81C402B5D00353261 /* Project object */ = {
			isa = PBXProject;
			attributes = {
				LastSwiftUpdateCheck = 0720;
				LastUpgradeCheck = 0720;
				ORGANIZATIONNAME = LJPDB;
				TargetAttributes = {
					B39AB0BF1C402B5D00353261 = {
						CreatedOnToolsVersion = 7.2;
						DevelopmentTeam = XR44564ZNH;
					};
					B39AB0D31C402B5D00353261 = {
						CreatedOnToolsVersion = 7.2;
						TestTargetID = B39AB0BF1C402B5D00353261;
					};
					B39AB0DE1C402B5D00353261 = {
						CreatedOnToolsVersion = 7.2;
						TestTargetID = B39AB0BF1C402B5D00353261;
					};
				};
			};
			buildConfigurationList = B39AB0BB1C402B5D00353261 /* Build configuration list for PBXProject "CU_VE_App" */;
			compatibilityVersion = "Xcode 3.2";
			developmentRegion = English;
			hasScannedForEncodings = 0;
			knownRegions = (
				en,
				Base,
				es,
			);
			mainGroup = B39AB0B71C402B5D00353261;
			productRefGroup = B39AB0C11C402B5D00353261 /* Products */;
			projectDirPath = "";
			projectRoot = "";
			targets = (
				B39AB0BF1C402B5D00353261 /* CU_VE_App */,
				B39AB0D31C402B5D00353261 /* CU_VE_AppTests */,
				B39AB0DE1C402B5D00353261 /* CU_VE_AppUITests */,
			);
		};
/* End PBXProject section */

/* Begin PBXResourcesBuildPhase section */
		B39AB0BE1C402B5D00353261 /* Resources */ = {
			isa = PBXResourcesBuildPhase;
			buildActionMask = 2147483647;
			files = (
				B39AB0CE1C402B5D00353261 /* LaunchScreen.storyboard in Resources */,
				B39AB0CB1C402B5D00353261 /* Assets.xcassets in Resources */,
				87E80EC61C7FBBD300E18271 /* Localizable.strings in Resources */,
				B39AB0C91C402B5D00353261 /* Main.storyboard in Resources */,
			);
			runOnlyForDeploymentPostprocessing = 0;
		};
		B39AB0D21C402B5D00353261 /* Resources */ = {
			isa = PBXResourcesBuildPhase;
			buildActionMask = 2147483647;
			files = (
			);
			runOnlyForDeploymentPostprocessing = 0;
		};
		B39AB0DD1C402B5D00353261 /* Resources */ = {
			isa = PBXResourcesBuildPhase;
			buildActionMask = 2147483647;
			files = (
			);
			runOnlyForDeploymentPostprocessing = 0;
		};
/* End PBXResourcesBuildPhase section */

/* Begin PBXSourcesBuildPhase section */
		B39AB0BC1C402B5D00353261 /* Sources */ = {
			isa = PBXSourcesBuildPhase;
			buildActionMask = 2147483647;
			files = (
				870824041C74BC0100C13065 /* CustomCAGradientLayer.swift in Sources */,
				878126F81C5933E000802C1A /* MoviesCollectionViewFlowLayoutSubClass.swift in Sources */,
				871B5E0A1C5FAE2A0081959F /* FavoriteCollectionVC.swift in Sources */,
				8700A5E81C4C5D9E001075F6 /* PremierServices.swift in Sources */,
				877C7D551C495C0200E21C30 /* TheaterServices.swift in Sources */,
				870824021C74BB3500C13065 /* CustomNavBarController.swift in Sources */,
				870824061C74CAC500C13065 /* CustomUITabBar.swift in Sources */,
				8700A5EC1C4C5E8E001075F6 /* ContactServices.swift in Sources */,
				87D04CC51C6B8C8A000D16E9 /* MovieSessionsDetailsVC.swift in Sources */,
				B3C4B1541C46E1E60086DD91 /* Reachability.swift in Sources */,
				872C7A9F1C5469970047886B /* CollectionMoviesVC.swift in Sources */,
				8700A5E41C4C2292001075F6 /* MovieServices.swift in Sources */,
				871E7F891C6CF57800304465 /* FavoriteCollectionCellVC.swift in Sources */,
				876B42521C61B91000B11E92 /* SliderCollectionViewCellVC.swift in Sources */,
				872C7AA11C546AA00047886B /* CollectionCellVC.swift in Sources */,
				B3C4B1511C4692680086DD91 /* WebServiceConnection.swift in Sources */,
				8766F06A1C47E61F000D2C99 /* MeaningAndFormValidation.swift in Sources */,
				872D18F21C5D85D7005A4226 /* DeviceExt.swift in Sources */,
				876B424E1C61ACF500B11E92 /* SliderVC.swift in Sources */,
				B3C2D71D1C44A8B200760E1D /* TutorialPagingContent.swift in Sources */,
				B3E2971C1C434EEF007CCAC9 /* HomeVC.swift in Sources */,
				8700A5E61C4C5D3A001075F6 /* SecurityServices.swift in Sources */,
				87568F221C6C1A29004688BC /* SideBarTVC.swift in Sources */,
				8700A5EA1C4C5DE9001075F6 /* UsersessionServices.swift in Sources */,
				8771A0631C6C4BCC00CB2D1A /* SideBar.swift in Sources */,
				87DAF6EA1C5C0E9C00935BD1 /* InnerViewControllerContainer_Center.swift in Sources */,
				B39AB0C61C402B5D00353261 /* PresentationVC.swift in Sources */,
				876B42501C61B42900B11E92 /* SliderCollectionViewLayoutSubclass.swift in Sources */,
				B3C2D71F1C44AB4900760E1D /* TutorialVC.swift in Sources */,
				B39AB0C41C402B5D00353261 /* AppDelegate.swift in Sources */,
			);
			runOnlyForDeploymentPostprocessing = 0;
		};
		B39AB0D01C402B5D00353261 /* Sources */ = {
			isa = PBXSourcesBuildPhase;
			buildActionMask = 2147483647;
			files = (
				B39AB0D91C402B5D00353261 /* CU_VE_AppTests.swift in Sources */,
			);
			runOnlyForDeploymentPostprocessing = 0;
		};
		B39AB0DB1C402B5D00353261 /* Sources */ = {
			isa = PBXSourcesBuildPhase;
			buildActionMask = 2147483647;
			files = (
				B39AB0E41C402B5D00353261 /* CU_VE_AppUITests.swift in Sources */,
			);
			runOnlyForDeploymentPostprocessing = 0;
		};
/* End PBXSourcesBuildPhase section */

/* Begin PBXTargetDependency section */
		B39AB0D61C402B5D00353261 /* PBXTargetDependency */ = {
			isa = PBXTargetDependency;
			target = B39AB0BF1C402B5D00353261 /* CU_VE_App */;
			targetProxy = B39AB0D51C402B5D00353261 /* PBXContainerItemProxy */;
		};
		B39AB0E11C402B5D00353261 /* PBXTargetDependency */ = {
			isa = PBXTargetDependency;
			target = B39AB0BF1C402B5D00353261 /* CU_VE_App */;
			targetProxy = B39AB0E01C402B5D00353261 /* PBXContainerItemProxy */;
		};
/* End PBXTargetDependency section */

/* Begin PBXVariantGroup section */
		87E80EC81C7FBBD300E18271 /* Localizable.strings */ = {
			isa = PBXVariantGroup;
			children = (
				87E80EC71C7FBBD300E18271 /* en */,
				87E80EC91C7FBBD900E18271 /* es */,
			);
			name = Localizable.strings;
			sourceTree = "<group>";
		};
		B39AB0C71C402B5D00353261 /* Main.storyboard */ = {
			isa = PBXVariantGroup;
			children = (
				B39AB0C81C402B5D00353261 /* Base */,
				87E80EBF1C7FB96000E18271 /* es */,
			);
			name = Main.storyboard;
			sourceTree = "<group>";
		};
		B39AB0CC1C402B5D00353261 /* LaunchScreen.storyboard */ = {
			isa = PBXVariantGroup;
			children = (
				B39AB0CD1C402B5D00353261 /* Base */,
				87E80EC01C7FB96000E18271 /* es */,
			);
			name = LaunchScreen.storyboard;
			sourceTree = "<group>";
		};
/* End PBXVariantGroup section */

/* Begin XCBuildConfiguration section */
		B39AB0E61C402B5D00353261 /* Debug */ = {
			isa = XCBuildConfiguration;
			buildSettings = {
				ALWAYS_SEARCH_USER_PATHS = NO;
				CLANG_CXX_LANGUAGE_STANDARD = "gnu++0x";
				CLANG_CXX_LIBRARY = "libc++";
				CLANG_ENABLE_MODULES = YES;
				CLANG_ENABLE_OBJC_ARC = YES;
				CLANG_WARN_BOOL_CONVERSION = YES;
				CLANG_WARN_CONSTANT_CONVERSION = YES;
				CLANG_WARN_DIRECT_OBJC_ISA_USAGE = YES_ERROR;
				CLANG_WARN_EMPTY_BODY = YES;
				CLANG_WARN_ENUM_CONVERSION = YES;
				CLANG_WARN_INT_CONVERSION = YES;
				CLANG_WARN_OBJC_ROOT_CLASS = YES_ERROR;
				CLANG_WARN_UNREACHABLE_CODE = YES;
				CLANG_WARN__DUPLICATE_METHOD_MATCH = YES;
				"CODE_SIGN_IDENTITY[sdk=iphoneos*]" = "iPhone Developer";
				COPY_PHASE_STRIP = NO;
				DEBUG_INFORMATION_FORMAT = dwarf;
				ENABLE_STRICT_OBJC_MSGSEND = YES;
				ENABLE_TESTABILITY = YES;
				GCC_C_LANGUAGE_STANDARD = gnu99;
				GCC_DYNAMIC_NO_PIC = NO;
				GCC_NO_COMMON_BLOCKS = YES;
				GCC_OPTIMIZATION_LEVEL = 0;
				GCC_PREPROCESSOR_DEFINITIONS = (
					"DEBUG=1",
					"$(inherited)",
				);
				GCC_WARN_64_TO_32_BIT_CONVERSION = YES;
				GCC_WARN_ABOUT_RETURN_TYPE = YES_ERROR;
				GCC_WARN_UNDECLARED_SELECTOR = YES;
				GCC_WARN_UNINITIALIZED_AUTOS = YES_AGGRESSIVE;
				GCC_WARN_UNUSED_FUNCTION = YES;
				GCC_WARN_UNUSED_VARIABLE = YES;
				IPHONEOS_DEPLOYMENT_TARGET = 8.1;
				MTL_ENABLE_DEBUG_INFO = YES;
				ONLY_ACTIVE_ARCH = YES;
				SDKROOT = iphoneos;
				SWIFT_OPTIMIZATION_LEVEL = "-Onone";
				TARGETED_DEVICE_FAMILY = "1,2";
			};
			name = Debug;
		};
		B39AB0E71C402B5D00353261 /* Release */ = {
			isa = XCBuildConfiguration;
			buildSettings = {
				ALWAYS_SEARCH_USER_PATHS = NO;
				CLANG_CXX_LANGUAGE_STANDARD = "gnu++0x";
				CLANG_CXX_LIBRARY = "libc++";
				CLANG_ENABLE_MODULES = YES;
				CLANG_ENABLE_OBJC_ARC = YES;
				CLANG_WARN_BOOL_CONVERSION = YES;
				CLANG_WARN_CONSTANT_CONVERSION = YES;
				CLANG_WARN_DIRECT_OBJC_ISA_USAGE = YES_ERROR;
				CLANG_WARN_EMPTY_BODY = YES;
				CLANG_WARN_ENUM_CONVERSION = YES;
				CLANG_WARN_INT_CONVERSION = YES;
				CLANG_WARN_OBJC_ROOT_CLASS = YES_ERROR;
				CLANG_WARN_UNREACHABLE_CODE = YES;
				CLANG_WARN__DUPLICATE_METHOD_MATCH = YES;
				"CODE_SIGN_IDENTITY[sdk=iphoneos*]" = "iPhone Developer";
				COPY_PHASE_STRIP = NO;
				DEBUG_INFORMATION_FORMAT = "dwarf-with-dsym";
				ENABLE_NS_ASSERTIONS = NO;
				ENABLE_STRICT_OBJC_MSGSEND = YES;
				GCC_C_LANGUAGE_STANDARD = gnu99;
				GCC_NO_COMMON_BLOCKS = YES;
				GCC_WARN_64_TO_32_BIT_CONVERSION = YES;
				GCC_WARN_ABOUT_RETURN_TYPE = YES_ERROR;
				GCC_WARN_UNDECLARED_SELECTOR = YES;
				GCC_WARN_UNINITIALIZED_AUTOS = YES_AGGRESSIVE;
				GCC_WARN_UNUSED_FUNCTION = YES;
				GCC_WARN_UNUSED_VARIABLE = YES;
				IPHONEOS_DEPLOYMENT_TARGET = 8.1;
				MTL_ENABLE_DEBUG_INFO = NO;
				SDKROOT = iphoneos;
				TARGETED_DEVICE_FAMILY = "1,2";
				VALIDATE_PRODUCT = YES;
			};
			name = Release;
		};
		B39AB0E91C402B5D00353261 /* Debug */ = {
			isa = XCBuildConfiguration;
			buildSettings = {
				ASSETCATALOG_COMPILER_APPICON_NAME = AppIcon;
				CODE_SIGN_IDENTITY = "iPhone Developer";
				"CODE_SIGN_IDENTITY[sdk=iphoneos*]" = "iPhone Developer";
				INFOPLIST_FILE = CU_VE_App/Info.plist;
				IPHONEOS_DEPLOYMENT_TARGET = 8.0;
				LD_RUNPATH_SEARCH_PATHS = "$(inherited) @executable_path/Frameworks";
				PRODUCT_BUNDLE_IDENTIFIER = "LJPDB.CU-VE-App";
				PRODUCT_NAME = "$(TARGET_NAME)";
				PROVISIONING_PROFILE = "";
				TARGETED_DEVICE_FAMILY = "1,2";
			};
			name = Debug;
		};
		B39AB0EA1C402B5D00353261 /* Release */ = {
			isa = XCBuildConfiguration;
			buildSettings = {
				ASSETCATALOG_COMPILER_APPICON_NAME = AppIcon;
				CODE_SIGN_IDENTITY = "iPhone Developer";
				"CODE_SIGN_IDENTITY[sdk=iphoneos*]" = "iPhone Developer";
				INFOPLIST_FILE = CU_VE_App/Info.plist;
				IPHONEOS_DEPLOYMENT_TARGET = 8.0;
				LD_RUNPATH_SEARCH_PATHS = "$(inherited) @executable_path/Frameworks";
				PRODUCT_BUNDLE_IDENTIFIER = "LJPDB.CU-VE-App";
				PRODUCT_NAME = "$(TARGET_NAME)";
				PROVISIONING_PROFILE = "";
				TARGETED_DEVICE_FAMILY = "1,2";
			};
			name = Release;
		};
		B39AB0EC1C402B5D00353261 /* Debug */ = {
			isa = XCBuildConfiguration;
			buildSettings = {
				BUNDLE_LOADER = "$(TEST_HOST)";
				INFOPLIST_FILE = CU_VE_AppTests/Info.plist;
				LD_RUNPATH_SEARCH_PATHS = "$(inherited) @executable_path/Frameworks @loader_path/Frameworks";
				PRODUCT_BUNDLE_IDENTIFIER = "LJPDB.CU-VE-AppTests";
				PRODUCT_NAME = "$(TARGET_NAME)";
				TEST_HOST = "$(BUILT_PRODUCTS_DIR)/CU_VE_App.app/CU_VE_App";
			};
			name = Debug;
		};
		B39AB0ED1C402B5D00353261 /* Release */ = {
			isa = XCBuildConfiguration;
			buildSettings = {
				BUNDLE_LOADER = "$(TEST_HOST)";
				INFOPLIST_FILE = CU_VE_AppTests/Info.plist;
				LD_RUNPATH_SEARCH_PATHS = "$(inherited) @executable_path/Frameworks @loader_path/Frameworks";
				PRODUCT_BUNDLE_IDENTIFIER = "LJPDB.CU-VE-AppTests";
				PRODUCT_NAME = "$(TARGET_NAME)";
				TEST_HOST = "$(BUILT_PRODUCTS_DIR)/CU_VE_App.app/CU_VE_App";
			};
			name = Release;
		};
		B39AB0EF1C402B5D00353261 /* Debug */ = {
			isa = XCBuildConfiguration;
			buildSettings = {
				INFOPLIST_FILE = CU_VE_AppUITests/Info.plist;
				LD_RUNPATH_SEARCH_PATHS = "$(inherited) @executable_path/Frameworks @loader_path/Frameworks";
				PRODUCT_BUNDLE_IDENTIFIER = "LJPDB.CU-VE-AppUITests";
				PRODUCT_NAME = "$(TARGET_NAME)";
				TEST_TARGET_NAME = CU_VE_App;
				USES_XCTRUNNER = YES;
			};
			name = Debug;
		};
		B39AB0F01C402B5D00353261 /* Release */ = {
			isa = XCBuildConfiguration;
			buildSettings = {
				INFOPLIST_FILE = CU_VE_AppUITests/Info.plist;
				LD_RUNPATH_SEARCH_PATHS = "$(inherited) @executable_path/Frameworks @loader_path/Frameworks";
				PRODUCT_BUNDLE_IDENTIFIER = "LJPDB.CU-VE-AppUITests";
				PRODUCT_NAME = "$(TARGET_NAME)";
				TEST_TARGET_NAME = CU_VE_App;
				USES_XCTRUNNER = YES;
			};
			name = Release;
		};
/* End XCBuildConfiguration section */

/* Begin XCConfigurationList section */
		B39AB0BB1C402B5D00353261 /* Build configuration list for PBXProject "CU_VE_App" */ = {
			isa = XCConfigurationList;
			buildConfigurations = (
				B39AB0E61C402B5D00353261 /* Debug */,
				B39AB0E71C402B5D00353261 /* Release */,
			);
			defaultConfigurationIsVisible = 0;
			defaultConfigurationName = Release;
		};
		B39AB0E81C402B5D00353261 /* Build configuration list for PBXNativeTarget "CU_VE_App" */ = {
			isa = XCConfigurationList;
			buildConfigurations = (
				B39AB0E91C402B5D00353261 /* Debug */,
				B39AB0EA1C402B5D00353261 /* Release */,
			);
			defaultConfigurationIsVisible = 0;
			defaultConfigurationName = Release;
		};
		B39AB0EB1C402B5D00353261 /* Build configuration list for PBXNativeTarget "CU_VE_AppTests" */ = {
			isa = XCConfigurationList;
			buildConfigurations = (
				B39AB0EC1C402B5D00353261 /* Debug */,
				B39AB0ED1C402B5D00353261 /* Release */,
			);
			defaultConfigurationIsVisible = 0;
			defaultConfigurationName = Release;
		};
		B39AB0EE1C402B5D00353261 /* Build configuration list for PBXNativeTarget "CU_VE_AppUITests" */ = {
			isa = XCConfigurationList;
			buildConfigurations = (
				B39AB0EF1C402B5D00353261 /* Debug */,
				B39AB0F01C402B5D00353261 /* Release */,
			);
			defaultConfigurationIsVisible = 0;
			defaultConfigurationName = Release;
		};
/* End XCConfigurationList section */
	};
	rootObject = B39AB0B81C402B5D00353261 /* Project object */;
}
